
Microsoft Visual Studio Solution File, Format Version 11.00
# Visual Studio 2010
Project("{FAE04EC0-301F-11D3-BF4B-00C04F79EFBC}") = "lb-xmTesters", "lb-xmTesters.csproj", "{96BF2D86-43ED-42FB-A544-D2DF72D1897B}"
EndProject
Global
	GlobalSection(SolutionConfigurationPlatforms) = preSolution
		Debug|Any CPU = Debug|Any CPU
		Release|Any CPU = Release|Any CPU
	EndGlobalSection
	GlobalSection(ProjectConfigurationPlatforms) = postSolution
		{96BF2D86-43ED-42FB-A544-D2DF72D1897B}.Debug|Any CPU.ActiveCfg = Debug|Any CPU
		{96BF2D86-43ED-42FB-A544-D2DF72D1897B}.Debug|Any CPU.Build.0 = Debug|Any CPU
		{96BF2D86-43ED-42FB-A544-D2DF72D1897B}.Release|Any CPU.ActiveCfg = Release|Any CPU
		{96BF2D86-43ED-42FB-A544-D2DF72D1897B}.Release|Any CPU.Build.0 = Release|Any CPU
	EndGlobalSection
EndGlobal
