
Microsoft Visual Studio Solution File, Format Version 12.00
# Visual Studio 2012
Project("{FAE04EC0-301F-11D3-BF4B-00C04F79EFBC}") = "Agents", "Agents\Agents.csproj", "{56D6A03A-76CC-43E3-89A7-8716B2A4E21C}"
EndProject
Global
	GlobalSection(SolutionConfigurationPlatforms) = preSolution
		Debug|Any CPU = Debug|Any CPU
		Release|Any CPU = Release|Any CPU
	EndGlobalSection
	GlobalSection(ProjectConfigurationPlatforms) = postSolution
		{56D6A03A-76CC-43E3-89A7-8716B2A4E21C}.Debug|Any CPU.ActiveCfg = Debug|Any CPU
		{56D6A03A-76CC-43E3-89A7-8716B2A4E21C}.Debug|Any CPU.Build.0 = Debug|Any CPU
		{56D6A03A-76CC-43E3-89A7-8716B2A4E21C}.Release|Any CPU.ActiveCfg = Release|Any CPU
		{56D6A03A-76CC-43E3-89A7-8716B2A4E21C}.Release|Any CPU.Build.0 = Release|Any CPU
	EndGlobalSection
EndGlobal
